
Microsoft Visual Studio Solution File, Format Version 12.00
# Visual Studio Version 17
VisualStudioVersion = 17.8.34309.116
MinimumVisualStudioVersion = 10.0.40219.1
Project("{FAE04EC0-301F-11D3-BF4B-00C04F79EFBC}") = "speedrun3", "speedrun3.csproj", "{D3F42BA9-D989-44FE-AD6F-81613093AB8C}"
EndProject
Global
	GlobalSection(SolutionConfigurationPlatforms) = preSolution
		Debug|Any CPU = Debug|Any CPU
		Release|Any CPU = Release|Any CPU
	EndGlobalSection
	GlobalSection(ProjectConfigurationPlatforms) = postSolution
		{D3F42BA9-D989-44FE-AD6F-81613093AB8C}.Debug|Any CPU.ActiveCfg = Debug|Any CPU
		{D3F42BA9-D989-44FE-AD6F-81613093AB8C}.Debug|Any CPU.Build.0 = Debug|Any CPU
		{D3F42BA9-D989-44FE-AD6F-81613093AB8C}.Release|Any CPU.ActiveCfg = Release|Any CPU
		{D3F42BA9-D989-44FE-AD6F-81613093AB8C}.Release|Any CPU.Build.0 = Release|Any CPU
	EndGlobalSection
	GlobalSection(SolutionProperties) = preSolution
		HideSolutionNode = FALSE
	EndGlobalSection
	GlobalSection(ExtensibilityGlobals) = postSolution
		SolutionGuid = {7E277837-2C9D-4A50-B1CF-4FEC09AD8969}
	EndGlobalSection
EndGlobal
